// !$*UTF8*$!
{
	archiveVersion = 1;
	classes = {
	};
	objectVersion = 46;
	objects = {

/* Begin PBXBuildFile section */
		18728E2B19E37EB8008F3BFE /* Foundation.framework in Frameworks */ = {isa = PBXBuildFile; fileRef = 18728E2A19E37EB8008F3BFE /* Foundation.framework */; };
		18728E2D19E37EB8008F3BFE /* CoreGraphics.framework in Frameworks */ = {isa = PBXBuildFile; fileRef = 18728E2C19E37EB8008F3BFE /* CoreGraphics.framework */; };
		18728E2F19E37EB8008F3BFE /* UIKit.framework in Frameworks */ = {isa = PBXBuildFile; fileRef = 18728E2E19E37EB8008F3BFE /* UIKit.framework */; };
		18728E3519E37EB8008F3BFE /* InfoPlist.strings in Resources */ = {isa = PBXBuildFile; fileRef = 18728E3319E37EB8008F3BFE /* InfoPlist.strings */; };
		18728E4319E37EB8008F3BFE /* Images.xcassets in Resources */ = {isa = PBXBuildFile; fileRef = 18728E4219E37EB8008F3BFE /* Images.xcassets */; };
		18728E4A19E37EB8008F3BFE /* XCTest.framework in Frameworks */ = {isa = PBXBuildFile; fileRef = 18728E4919E37EB8008F3BFE /* XCTest.framework */; };
		18728E4B19E37EB8008F3BFE /* Foundation.framework in Frameworks */ = {isa = PBXBuildFile; fileRef = 18728E2A19E37EB8008F3BFE /* Foundation.framework */; };
		18728E4C19E37EB8008F3BFE /* UIKit.framework in Frameworks */ = {isa = PBXBuildFile; fileRef = 18728E2E19E37EB8008F3BFE /* UIKit.framework */; };
		18728E5419E37EB8008F3BFE /* InfoPlist.strings in Resources */ = {isa = PBXBuildFile; fileRef = 18728E5219E37EB8008F3BFE /* InfoPlist.strings */; };
		18728E5619E37EB8008F3BFE /* ____2_Tests.m in Sources */ = {isa = PBXBuildFile; fileRef = 18728E5519E37EB8008F3BFE /* ____2_Tests.m */; };
		18728E6319E38051008F3BFE /* HWAppDelegate.m in Sources */ = {isa = PBXBuildFile; fileRef = 18728E6119E38051008F3BFE /* HWAppDelegate.m */; };
		18728E6419E38051008F3BFE /* main.m in Sources */ = {isa = PBXBuildFile; fileRef = 18728E6219E38051008F3BFE /* main.m */; };
		18728E6719E3894E008F3BFE /* HWHomeViewController.m in Sources */ = {isa = PBXBuildFile; fileRef = 18728E6619E3894E008F3BFE /* HWHomeViewController.m */; };
		18728E6A19E38977008F3BFE /* HWMessageCenterViewController.m in Sources */ = {isa = PBXBuildFile; fileRef = 18728E6919E38977008F3BFE /* HWMessageCenterViewController.m */; };
		18728E6D19E38985008F3BFE /* HWDiscoverViewController.m in Sources */ = {isa = PBXBuildFile; fileRef = 18728E6C19E38985008F3BFE /* HWDiscoverViewController.m */; };
		18728E7019E38993008F3BFE /* HWProfileViewController.m in Sources */ = {isa = PBXBuildFile; fileRef = 18728E6F19E38993008F3BFE /* HWProfileViewController.m */; };
		18728E7319E38F3C008F3BFE /* HWTabBarViewController.m in Sources */ = {isa = PBXBuildFile; fileRef = 18728E7219E38F3C008F3BFE /* HWTabBarViewController.m */; };
		18728E7719E3954E008F3BFE /* HWTest1ViewController.m in Sources */ = {isa = PBXBuildFile; fileRef = 18728E7519E3954E008F3BFE /* HWTest1ViewController.m */; };
		18728E7819E3954E008F3BFE /* HWTest1ViewController.xib in Resources */ = {isa = PBXBuildFile; fileRef = 18728E7619E3954E008F3BFE /* HWTest1ViewController.xib */; };
		18728E7C19E39656008F3BFE /* HWTest2ViewController.m in Sources */ = {isa = PBXBuildFile; fileRef = 18728E7A19E39656008F3BFE /* HWTest2ViewController.m */; };
		18728E7D19E39656008F3BFE /* HWTest2ViewController.xib in Resources */ = {isa = PBXBuildFile; fileRef = 18728E7B19E39656008F3BFE /* HWTest2ViewController.xib */; };
		18728E8019E3C4C0008F3BFE /* UIView+Extension.m in Sources */ = {isa = PBXBuildFile; fileRef = 18728E7F19E3C4C0008F3BFE /* UIView+Extension.m */; };
		18728E8419E3C73D008F3BFE /* HWTest3ViewController.m in Sources */ = {isa = PBXBuildFile; fileRef = 18728E8219E3C73D008F3BFE /* HWTest3ViewController.m */; };
		18728E8519E3C73D008F3BFE /* HWTest3ViewController.xib in Resources */ = {isa = PBXBuildFile; fileRef = 18728E8319E3C73D008F3BFE /* HWTest3ViewController.xib */; };
		18728E8B19E3C9B7008F3BFE /* HWNavigationController.m in Sources */ = {isa = PBXBuildFile; fileRef = 18728E8A19E3C9B7008F3BFE /* HWNavigationController.m */; };
/* End PBXBuildFile section */

/* Begin PBXContainerItemProxy section */
		18728E4D19E37EB8008F3BFE /* PBXContainerItemProxy */ = {
			isa = PBXContainerItemProxy;
			containerPortal = 18728E1F19E37EB8008F3BFE /* Project object */;
			proxyType = 1;
			remoteGlobalIDString = 18728E2619E37EB8008F3BFE;
			remoteInfo = "黑马微博2期";
		};
/* End PBXContainerItemProxy section */

/* Begin PBXFileReference section */
		18728E2719E37EB8008F3BFE /* 黑马微博2期.app */ = {isa = PBXFileReference; explicitFileType = wrapper.application; includeInIndex = 0; path = "黑马微博2期.app"; sourceTree = BUILT_PRODUCTS_DIR; };
		18728E2A19E37EB8008F3BFE /* Foundation.framework */ = {isa = PBXFileReference; lastKnownFileType = wrapper.framework; name = Foundation.framework; path = System/Library/Frameworks/Foundation.framework; sourceTree = SDKROOT; };
		18728E2C19E37EB8008F3BFE /* CoreGraphics.framework */ = {isa = PBXFileReference; lastKnownFileType = wrapper.framework; name = CoreGraphics.framework; path = System/Library/Frameworks/CoreGraphics.framework; sourceTree = SDKROOT; };
		18728E2E19E37EB8008F3BFE /* UIKit.framework */ = {isa = PBXFileReference; lastKnownFileType = wrapper.framework; name = UIKit.framework; path = System/Library/Frameworks/UIKit.framework; sourceTree = SDKROOT; };
		18728E3219E37EB8008F3BFE /* 黑马微博2期-Info.plist */ = {isa = PBXFileReference; lastKnownFileType = text.plist.xml; path = "黑马微博2期-Info.plist"; sourceTree = "<group>"; };
		18728E3419E37EB8008F3BFE /* en */ = {isa = PBXFileReference; lastKnownFileType = text.plist.strings; name = en; path = en.lproj/InfoPlist.strings; sourceTree = "<group>"; };
		18728E3819E37EB8008F3BFE /* 黑马微博2期-Prefix.pch */ = {isa = PBXFileReference; lastKnownFileType = sourcecode.c.h; path = "黑马微博2期-Prefix.pch"; sourceTree = "<group>"; };
		18728E4219E37EB8008F3BFE /* Images.xcassets */ = {isa = PBXFileReference; lastKnownFileType = folder.assetcatalog; path = Images.xcassets; sourceTree = "<group>"; };
		18728E4819E37EB8008F3BFE /* 黑马微博2期Tests.xctest */ = {isa = PBXFileReference; explicitFileType = wrapper.cfbundle; includeInIndex = 0; path = "黑马微博2期Tests.xctest"; sourceTree = BUILT_PRODUCTS_DIR; };
		18728E4919E37EB8008F3BFE /* XCTest.framework */ = {isa = PBXFileReference; lastKnownFileType = wrapper.framework; name = XCTest.framework; path = Library/Frameworks/XCTest.framework; sourceTree = DEVELOPER_DIR; };
		18728E5119E37EB8008F3BFE /* 黑马微博2期Tests-Info.plist */ = {isa = PBXFileReference; lastKnownFileType = text.plist.xml; path = "黑马微博2期Tests-Info.plist"; sourceTree = "<group>"; };
		18728E5319E37EB8008F3BFE /* en */ = {isa = PBXFileReference; lastKnownFileType = text.plist.strings; name = en; path = en.lproj/InfoPlist.strings; sourceTree = "<group>"; };
		18728E5519E37EB8008F3BFE /* ____2_Tests.m */ = {isa = PBXFileReference; lastKnownFileType = sourcecode.c.objc; path = "____2_Tests.m"; sourceTree = "<group>"; };
		18728E6019E38051008F3BFE /* HWAppDelegate.h */ = {isa = PBXFileReference; fileEncoding = 4; lastKnownFileType = sourcecode.c.h; path = HWAppDelegate.h; sourceTree = "<group>"; };
		18728E6119E38051008F3BFE /* HWAppDelegate.m */ = {isa = PBXFileReference; fileEncoding = 4; lastKnownFileType = sourcecode.c.objc; path = HWAppDelegate.m; sourceTree = "<group>"; };
		18728E6219E38051008F3BFE /* main.m */ = {isa = PBXFileReference; fileEncoding = 4; lastKnownFileType = sourcecode.c.objc; path = main.m; sourceTree = "<group>"; };
		18728E6519E3894E008F3BFE /* HWHomeViewController.h */ = {isa = PBXFileReference; fileEncoding = 4; lastKnownFileType = sourcecode.c.h; path = HWHomeViewController.h; sourceTree = "<group>"; };
		18728E6619E3894E008F3BFE /* HWHomeViewController.m */ = {isa = PBXFileReference; fileEncoding = 4; lastKnownFileType = sourcecode.c.objc; path = HWHomeViewController.m; sourceTree = "<group>"; };
		18728E6819E38977008F3BFE /* HWMessageCenterViewController.h */ = {isa = PBXFileReference; fileEncoding = 4; lastKnownFileType = sourcecode.c.h; path = HWMessageCenterViewController.h; sourceTree = "<group>"; };
		18728E6919E38977008F3BFE /* HWMessageCenterViewController.m */ = {isa = PBXFileReference; fileEncoding = 4; lastKnownFileType = sourcecode.c.objc; path = HWMessageCenterViewController.m; sourceTree = "<group>"; };
		18728E6B19E38985008F3BFE /* HWDiscoverViewController.h */ = {isa = PBXFileReference; fileEncoding = 4; lastKnownFileType = sourcecode.c.h; path = HWDiscoverViewController.h; sourceTree = "<group>"; };
		18728E6C19E38985008F3BFE /* HWDiscoverViewController.m */ = {isa = PBXFileReference; fileEncoding = 4; lastKnownFileType = sourcecode.c.objc; path = HWDiscoverViewController.m; sourceTree = "<group>"; };
		18728E6E19E38993008F3BFE /* HWProfileViewController.h */ = {isa = PBXFileReference; fileEncoding = 4; lastKnownFileType = sourcecode.c.h; path = HWProfileViewController.h; sourceTree = "<group>"; };
		18728E6F19E38993008F3BFE /* HWProfileViewController.m */ = {isa = PBXFileReference; fileEncoding = 4; lastKnownFileType = sourcecode.c.objc; path = HWProfileViewController.m; sourceTree = "<group>"; };
		18728E7119E38F3C008F3BFE /* HWTabBarViewController.h */ = {isa = PBXFileReference; fileEncoding = 4; lastKnownFileType = sourcecode.c.h; path = HWTabBarViewController.h; sourceTree = "<group>"; };
		18728E7219E38F3C008F3BFE /* HWTabBarViewController.m */ = {isa = PBXFileReference; fileEncoding = 4; lastKnownFileType = sourcecode.c.objc; path = HWTabBarViewController.m; sourceTree = "<group>"; };
		18728E7419E3954E008F3BFE /* HWTest1ViewController.h */ = {isa = PBXFileReference; fileEncoding = 4; lastKnownFileType = sourcecode.c.h; path = HWTest1ViewController.h; sourceTree = "<group>"; };
		18728E7519E3954E008F3BFE /* HWTest1ViewController.m */ = {isa = PBXFileReference; fileEncoding = 4; lastKnownFileType = sourcecode.c.objc; path = HWTest1ViewController.m; sourceTree = "<group>"; };
		18728E7619E3954E008F3BFE /* HWTest1ViewController.xib */ = {isa = PBXFileReference; fileEncoding = 4; lastKnownFileType = file.xib; path = HWTest1ViewController.xib; sourceTree = "<group>"; };
		18728E7919E39656008F3BFE /* HWTest2ViewController.h */ = {isa = PBXFileReference; fileEncoding = 4; lastKnownFileType = sourcecode.c.h; path = HWTest2ViewController.h; sourceTree = "<group>"; };
		18728E7A19E39656008F3BFE /* HWTest2ViewController.m */ = {isa = PBXFileReference; fileEncoding = 4; lastKnownFileType = sourcecode.c.objc; path = HWTest2ViewController.m; sourceTree = "<group>"; };
		18728E7B19E39656008F3BFE /* HWTest2ViewController.xib */ = {isa = PBXFileReference; fileEncoding = 4; lastKnownFileType = file.xib; path = HWTest2ViewController.xib; sourceTree = "<group>"; };
		18728E7E19E3C4C0008F3BFE /* UIView+Extension.h */ = {isa = PBXFileReference; fileEncoding = 4; lastKnownFileType = sourcecode.c.h; path = "UIView+Extension.h"; sourceTree = "<group>"; };
		18728E7F19E3C4C0008F3BFE /* UIView+Extension.m */ = {isa = PBXFileReference; fileEncoding = 4; lastKnownFileType = sourcecode.c.objc; path = "UIView+Extension.m"; sourceTree = "<group>"; };
		18728E8119E3C73D008F3BFE /* HWTest3ViewController.h */ = {isa = PBXFileReference; fileEncoding = 4; lastKnownFileType = sourcecode.c.h; path = HWTest3ViewController.h; sourceTree = "<group>"; };
		18728E8219E3C73D008F3BFE /* HWTest3ViewController.m */ = {isa = PBXFileReference; fileEncoding = 4; lastKnownFileType = sourcecode.c.objc; path = HWTest3ViewController.m; sourceTree = "<group>"; };
		18728E8319E3C73D008F3BFE /* HWTest3ViewController.xib */ = {isa = PBXFileReference; fileEncoding = 4; lastKnownFileType = file.xib; path = HWTest3ViewController.xib; sourceTree = "<group>"; };
		18728E8919E3C9B7008F3BFE /* HWNavigationController.h */ = {isa = PBXFileReference; fileEncoding = 4; lastKnownFileType = sourcecode.c.h; path = HWNavigationController.h; sourceTree = "<group>"; };
		18728E8A19E3C9B7008F3BFE /* HWNavigationController.m */ = {isa = PBXFileReference; fileEncoding = 4; lastKnownFileType = sourcecode.c.objc; path = HWNavigationController.m; sourceTree = "<group>"; };
/* End PBXFileReference section */

/* Begin PBXFrameworksBuildPhase section */
		18728E2419E37EB8008F3BFE /* Frameworks */ = {
			isa = PBXFrameworksBuildPhase;
			buildActionMask = 2147483647;
			files = (
				18728E2D19E37EB8008F3BFE /* CoreGraphics.framework in Frameworks */,
				18728E2F19E37EB8008F3BFE /* UIKit.framework in Frameworks */,
				18728E2B19E37EB8008F3BFE /* Foundation.framework in Frameworks */,
			);
			runOnlyForDeploymentPostprocessing = 0;
		};
		18728E4519E37EB8008F3BFE /* Frameworks */ = {
			isa = PBXFrameworksBuildPhase;
			buildActionMask = 2147483647;
			files = (
				18728E4A19E37EB8008F3BFE /* XCTest.framework in Frameworks */,
				18728E4C19E37EB8008F3BFE /* UIKit.framework in Frameworks */,
				18728E4B19E37EB8008F3BFE /* Foundation.framework in Frameworks */,
			);
			runOnlyForDeploymentPostprocessing = 0;
		};
/* End PBXFrameworksBuildPhase section */

/* Begin PBXGroup section */
		18728E1E19E37EB8008F3BFE = {
			isa = PBXGroup;
			children = (
				18728E3019E37EB8008F3BFE /* 黑马微博2期 */,
				18728E4F19E37EB8008F3BFE /* 黑马微博2期Tests */,
				18728E2919E37EB8008F3BFE /* Frameworks */,
				18728E2819E37EB8008F3BFE /* Products */,
			);
			sourceTree = "<group>";
		};
		18728E2819E37EB8008F3BFE /* Products */ = {
			isa = PBXGroup;
			children = (
				18728E2719E37EB8008F3BFE /* 黑马微博2期.app */,
				18728E4819E37EB8008F3BFE /* 黑马微博2期Tests.xctest */,
			);
			name = Products;
			sourceTree = "<group>";
		};
		18728E2919E37EB8008F3BFE /* Frameworks */ = {
			isa = PBXGroup;
			children = (
				18728E2A19E37EB8008F3BFE /* Foundation.framework */,
				18728E2C19E37EB8008F3BFE /* CoreGraphics.framework */,
				18728E2E19E37EB8008F3BFE /* UIKit.framework */,
				18728E4919E37EB8008F3BFE /* XCTest.framework */,
			);
			name = Frameworks;
			sourceTree = "<group>";
		};
		18728E3019E37EB8008F3BFE /* 黑马微博2期 */ = {
			isa = PBXGroup;
			children = (
				18728E5F19E38051008F3BFE /* Classes */,
				18728E3119E37EB8008F3BFE /* Supporting Files */,
			);
			path = "黑马微博2期";
			sourceTree = "<group>";
		};
		18728E3119E37EB8008F3BFE /* Supporting Files */ = {
			isa = PBXGroup;
			children = (
				18728E4219E37EB8008F3BFE /* Images.xcassets */,
				18728E3219E37EB8008F3BFE /* 黑马微博2期-Info.plist */,
				18728E3319E37EB8008F3BFE /* InfoPlist.strings */,
				18728E3819E37EB8008F3BFE /* 黑马微博2期-Prefix.pch */,
			);
			name = "Supporting Files";
			sourceTree = "<group>";
		};
		18728E4F19E37EB8008F3BFE /* 黑马微博2期Tests */ = {
			isa = PBXGroup;
			children = (
				18728E5519E37EB8008F3BFE /* ____2_Tests.m */,
				18728E5019E37EB8008F3BFE /* Supporting Files */,
			);
			path = "黑马微博2期Tests";
			sourceTree = "<group>";
		};
		18728E5019E37EB8008F3BFE /* Supporting Files */ = {
			isa = PBXGroup;
			children = (
				18728E5119E37EB8008F3BFE /* 黑马微博2期Tests-Info.plist */,
				18728E5219E37EB8008F3BFE /* InfoPlist.strings */,
			);
			name = "Supporting Files";
			sourceTree = "<group>";
		};
		18728E5F19E38051008F3BFE /* Classes */ = {
			isa = PBXGroup;
			children = (
				18728E6019E38051008F3BFE /* HWAppDelegate.h */,
				18728E6119E38051008F3BFE /* HWAppDelegate.m */,
				18728E6219E38051008F3BFE /* main.m */,
				18728E6519E3894E008F3BFE /* HWHomeViewController.h */,
				18728E6619E3894E008F3BFE /* HWHomeViewController.m */,
				18728E6819E38977008F3BFE /* HWMessageCenterViewController.h */,
				18728E6919E38977008F3BFE /* HWMessageCenterViewController.m */,
				18728E6B19E38985008F3BFE /* HWDiscoverViewController.h */,
				18728E6C19E38985008F3BFE /* HWDiscoverViewController.m */,
				18728E6E19E38993008F3BFE /* HWProfileViewController.h */,
				18728E6F19E38993008F3BFE /* HWProfileViewController.m */,
				18728E7119E38F3C008F3BFE /* HWTabBarViewController.h */,
				18728E7219E38F3C008F3BFE /* HWTabBarViewController.m */,
				18728E7419E3954E008F3BFE /* HWTest1ViewController.h */,
				18728E7519E3954E008F3BFE /* HWTest1ViewController.m */,
				18728E7619E3954E008F3BFE /* HWTest1ViewController.xib */,
				18728E7919E39656008F3BFE /* HWTest2ViewController.h */,
				18728E7A19E39656008F3BFE /* HWTest2ViewController.m */,
				18728E7B19E39656008F3BFE /* HWTest2ViewController.xib */,
				18728E8119E3C73D008F3BFE /* HWTest3ViewController.h */,
				18728E8219E3C73D008F3BFE /* HWTest3ViewController.m */,
				18728E8319E3C73D008F3BFE /* HWTest3ViewController.xib */,
				18728E7E19E3C4C0008F3BFE /* UIView+Extension.h */,
				18728E7F19E3C4C0008F3BFE /* UIView+Extension.m */,
				18728E8919E3C9B7008F3BFE /* HWNavigationController.h */,
				18728E8A19E3C9B7008F3BFE /* HWNavigationController.m */,
			);
			path = Classes;
			sourceTree = "<group>";
		};
/* End PBXGroup section */

/* Begin PBXNativeTarget section */
		18728E2619E37EB8008F3BFE /* 黑马微博2期 */ = {
			isa = PBXNativeTarget;
			buildConfigurationList = 18728E5919E37EB8008F3BFE /* Build configuration list for PBXNativeTarget "黑马微博2期" */;
			buildPhases = (
				18728E2319E37EB8008F3BFE /* Sources */,
				18728E2419E37EB8008F3BFE /* Frameworks */,
				18728E2519E37EB8008F3BFE /* Resources */,
			);
			buildRules = (
			);
			dependencies = (
			);
			name = "黑马微博2期";
			productName = "黑马微博2期";
			productReference = 18728E2719E37EB8008F3BFE /* 黑马微博2期.app */;
			productType = "com.apple.product-type.application";
		};
		18728E4719E37EB8008F3BFE /* 黑马微博2期Tests */ = {
			isa = PBXNativeTarget;
			buildConfigurationList = 18728E5C19E37EB8008F3BFE /* Build configuration list for PBXNativeTarget "黑马微博2期Tests" */;
			buildPhases = (
				18728E4419E37EB8008F3BFE /* Sources */,
				18728E4519E37EB8008F3BFE /* Frameworks */,
				18728E4619E37EB8008F3BFE /* Resources */,
			);
			buildRules = (
			);
			dependencies = (
				18728E4E19E37EB8008F3BFE /* PBXTargetDependency */,
			);
			name = "黑马微博2期Tests";
			productName = "黑马微博2期Tests";
			productReference = 18728E4819E37EB8008F3BFE /* 黑马微博2期Tests.xctest */;
			productType = "com.apple.product-type.bundle.unit-test";
		};
/* End PBXNativeTarget section */

/* Begin PBXProject section */
		18728E1F19E37EB8008F3BFE /* Project object */ = {
			isa = PBXProject;
			attributes = {
				CLASSPREFIX = HW;
				LastUpgradeCheck = 0510;
				ORGANIZATIONNAME = heima;
				TargetAttributes = {
					18728E4719E37EB8008F3BFE = {
						TestTargetID = 18728E2619E37EB8008F3BFE;
					};
				};
			};
			buildConfigurationList = 18728E2219E37EB8008F3BFE /* Build configuration list for PBXProject "黑马微博2期" */;
			compatibilityVersion = "Xcode 3.2";
			developmentRegion = English;
			hasScannedForEncodings = 0;
			knownRegions = (
				en,
				Base,
			);
			mainGroup = 18728E1E19E37EB8008F3BFE;
			productRefGroup = 18728E2819E37EB8008F3BFE /* Products */;
			projectDirPath = "";
			projectRoot = "";
			targets = (
				18728E2619E37EB8008F3BFE /* 黑马微博2期 */,
				18728E4719E37EB8008F3BFE /* 黑马微博2期Tests */,
			);
		};
/* End PBXProject section */

/* Begin PBXResourcesBuildPhase section */
		18728E2519E37EB8008F3BFE /* Resources */ = {
			isa = PBXResourcesBuildPhase;
			buildActionMask = 2147483647;
			files = (
				18728E7819E3954E008F3BFE /* HWTest1ViewController.xib in Resources */,
				18728E4319E37EB8008F3BFE /* Images.xcassets in Resources */,
				18728E7D19E39656008F3BFE /* HWTest2ViewController.xib in Resources */,
				18728E3519E37EB8008F3BFE /* InfoPlist.strings in Resources */,
				18728E8519E3C73D008F3BFE /* HWTest3ViewController.xib in Resources */,
			);
			runOnlyForDeploymentPostprocessing = 0;
		};
		18728E4619E37EB8008F3BFE /* Resources */ = {
			isa = PBXResourcesBuildPhase;
			buildActionMask = 2147483647;
			files = (
				18728E5419E37EB8008F3BFE /* InfoPlist.strings in Resources */,
			);
			runOnlyForDeploymentPostprocessing = 0;
		};
/* End PBXResourcesBuildPhase section */

/* Begin PBXSourcesBuildPhase section */
		18728E2319E37EB8008F3BFE /* Sources */ = {
			isa = PBXSourcesBuildPhase;
			buildActionMask = 2147483647;
			files = (
				18728E8019E3C4C0008F3BFE /* UIView+Extension.m in Sources */,
				18728E6719E3894E008F3BFE /* HWHomeViewController.m in Sources */,
				18728E7719E3954E008F3BFE /* HWTest1ViewController.m in Sources */,
				18728E7019E38993008F3BFE /* HWProfileViewController.m in Sources */,
				18728E6419E38051008F3BFE /* main.m in Sources */,
				18728E6A19E38977008F3BFE /* HWMessageCenterViewController.m in Sources */,
				18728E7319E38F3C008F3BFE /* HWTabBarViewController.m in Sources */,
				18728E7C19E39656008F3BFE /* HWTest2ViewController.m in Sources */,
				18728E8419E3C73D008F3BFE /* HWTest3ViewController.m in Sources */,
				18728E6D19E38985008F3BFE /* HWDiscoverViewController.m in Sources */,
				18728E8B19E3C9B7008F3BFE /* HWNavigationController.m in Sources */,
				18728E6319E38051008F3BFE /* HWAppDelegate.m in Sources */,
			);
			runOnlyForDeploymentPostprocessing = 0;
		};
		18728E4419E37EB8008F3BFE /* Sources */ = {
			isa = PBXSourcesBuildPhase;
			buildActionMask = 2147483647;
			files = (
				18728E5619E37EB8008F3BFE /* ____2_Tests.m in Sources */,
			);
			runOnlyForDeploymentPostprocessing = 0;
		};
/* End PBXSourcesBuildPhase section */

/* Begin PBXTargetDependency section */
		18728E4E19E37EB8008F3BFE /* PBXTargetDependency */ = {
			isa = PBXTargetDependency;
			target = 18728E2619E37EB8008F3BFE /* 黑马微博2期 */;
			targetProxy = 18728E4D19E37EB8008F3BFE /* PBXContainerItemProxy */;
		};
/* End PBXTargetDependency section */

/* Begin PBXVariantGroup section */
		18728E3319E37EB8008F3BFE /* InfoPlist.strings */ = {
			isa = PBXVariantGroup;
			children = (
				18728E3419E37EB8008F3BFE /* en */,
			);
			name = InfoPlist.strings;
			sourceTree = "<group>";
		};
		18728E5219E37EB8008F3BFE /* InfoPlist.strings */ = {
			isa = PBXVariantGroup;
			children = (
				18728E5319E37EB8008F3BFE /* en */,
			);
			name = InfoPlist.strings;
			sourceTree = "<group>";
		};
/* End PBXVariantGroup section */

/* Begin XCBuildConfiguration section */
		18728E5719E37EB8008F3BFE /* Debug */ = {
			isa = XCBuildConfiguration;
			buildSettings = {
				ALWAYS_SEARCH_USER_PATHS = NO;
				CLANG_CXX_LANGUAGE_STANDARD = "gnu++0x";
				CLANG_CXX_LIBRARY = "libc++";
				CLANG_ENABLE_MODULES = YES;
				CLANG_ENABLE_OBJC_ARC = YES;
				CLANG_WARN_BOOL_CONVERSION = YES;
				CLANG_WARN_CONSTANT_CONVERSION = YES;
				CLANG_WARN_DIRECT_OBJC_ISA_USAGE = YES_ERROR;
				CLANG_WARN_EMPTY_BODY = YES;
				CLANG_WARN_ENUM_CONVERSION = YES;
				CLANG_WARN_INT_CONVERSION = YES;
				CLANG_WARN_OBJC_ROOT_CLASS = YES_ERROR;
				CLANG_WARN__DUPLICATE_METHOD_MATCH = YES;
				"CODE_SIGN_IDENTITY[sdk=iphoneos*]" = "iPhone Developer";
				COPY_PHASE_STRIP = NO;
				GCC_C_LANGUAGE_STANDARD = gnu99;
				GCC_DYNAMIC_NO_PIC = NO;
				GCC_OPTIMIZATION_LEVEL = 0;
				GCC_PREPROCESSOR_DEFINITIONS = (
					"DEBUG=1",
					"$(inherited)",
				);
				GCC_SYMBOLS_PRIVATE_EXTERN = NO;
				GCC_WARN_64_TO_32_BIT_CONVERSION = YES;
				GCC_WARN_ABOUT_RETURN_TYPE = YES_ERROR;
				GCC_WARN_UNDECLARED_SELECTOR = YES;
				GCC_WARN_UNINITIALIZED_AUTOS = YES_AGGRESSIVE;
				GCC_WARN_UNUSED_FUNCTION = YES;
				GCC_WARN_UNUSED_VARIABLE = YES;
				IPHONEOS_DEPLOYMENT_TARGET = 7.1;
				ONLY_ACTIVE_ARCH = YES;
				SDKROOT = iphoneos;
			};
			name = Debug;
		};
		18728E5819E37EB8008F3BFE /* Release */ = {
			isa = XCBuildConfiguration;
			buildSettings = {
				ALWAYS_SEARCH_USER_PATHS = NO;
				CLANG_CXX_LANGUAGE_STANDARD = "gnu++0x";
				CLANG_CXX_LIBRARY = "libc++";
				CLANG_ENABLE_MODULES = YES;
				CLANG_ENABLE_OBJC_ARC = YES;
				CLANG_WARN_BOOL_CONVERSION = YES;
				CLANG_WARN_CONSTANT_CONVERSION = YES;
				CLANG_WARN_DIRECT_OBJC_ISA_USAGE = YES_ERROR;
				CLANG_WARN_EMPTY_BODY = YES;
				CLANG_WARN_ENUM_CONVERSION = YES;
				CLANG_WARN_INT_CONVERSION = YES;
				CLANG_WARN_OBJC_ROOT_CLASS = YES_ERROR;
				CLANG_WARN__DUPLICATE_METHOD_MATCH = YES;
				"CODE_SIGN_IDENTITY[sdk=iphoneos*]" = "iPhone Developer";
				COPY_PHASE_STRIP = YES;
				ENABLE_NS_ASSERTIONS = NO;
				GCC_C_LANGUAGE_STANDARD = gnu99;
				GCC_WARN_64_TO_32_BIT_CONVERSION = YES;
				GCC_WARN_ABOUT_RETURN_TYPE = YES_ERROR;
				GCC_WARN_UNDECLARED_SELECTOR = YES;
				GCC_WARN_UNINITIALIZED_AUTOS = YES_AGGRESSIVE;
				GCC_WARN_UNUSED_FUNCTION = YES;
				GCC_WARN_UNUSED_VARIABLE = YES;
				IPHONEOS_DEPLOYMENT_TARGET = 7.1;
				SDKROOT = iphoneos;
				VALIDATE_PRODUCT = YES;
			};
			name = Release;
		};
		18728E5A19E37EB8008F3BFE /* Debug */ = {
			isa = XCBuildConfiguration;
			buildSettings = {
				ASSETCATALOG_COMPILER_APPICON_NAME = AppIcon;
				ASSETCATALOG_COMPILER_LAUNCHIMAGE_NAME = LaunchImage;
				GCC_PRECOMPILE_PREFIX_HEADER = YES;
				GCC_PREFIX_HEADER = "黑马微博2期/黑马微博2期-Prefix.pch";
				INFOPLIST_FILE = "黑马微博2期/黑马微博2期-Info.plist";
				PRODUCT_NAME = "$(TARGET_NAME)";
				WRAPPER_EXTENSION = app;
			};
			name = Debug;
		};
		18728E5B19E37EB8008F3BFE /* Release */ = {
			isa = XCBuildConfiguration;
			buildSettings = {
				ASSETCATALOG_COMPILER_APPICON_NAME = AppIcon;
				ASSETCATALOG_COMPILER_LAUNCHIMAGE_NAME = LaunchImage;
				GCC_PRECOMPILE_PREFIX_HEADER = YES;
				GCC_PREFIX_HEADER = "黑马微博2期/黑马微博2期-Prefix.pch";
				INFOPLIST_FILE = "黑马微博2期/黑马微博2期-Info.plist";
				PRODUCT_NAME = "$(TARGET_NAME)";
				WRAPPER_EXTENSION = app;
			};
			name = Release;
		};
		18728E5D19E37EB8008F3BFE /* Debug */ = {
			isa = XCBuildConfiguration;
			buildSettings = {
				BUNDLE_LOADER = "$(BUILT_PRODUCTS_DIR)/黑马微博2期.app/黑马微博2期";
				FRAMEWORK_SEARCH_PATHS = (
					"$(SDKROOT)/Developer/Library/Frameworks",
					"$(inherited)",
					"$(DEVELOPER_FRAMEWORKS_DIR)",
				);
				GCC_PRECOMPILE_PREFIX_HEADER = YES;
				GCC_PREFIX_HEADER = "黑马微博2期/黑马微博2期-Prefix.pch";
				GCC_PREPROCESSOR_DEFINITIONS = (
					"DEBUG=1",
					"$(inherited)",
				);
				INFOPLIST_FILE = "黑马微博2期Tests/黑马微博2期Tests-Info.plist";
				PRODUCT_NAME = "$(TARGET_NAME)";
				TEST_HOST = "$(BUNDLE_LOADER)";
				WRAPPER_EXTENSION = xctest;
			};
			name = Debug;
		};
		18728E5E19E37EB8008F3BFE /* Release */ = {
			isa = XCBuildConfiguration;
			buildSettings = {
				BUNDLE_LOADER = "$(BUILT_PRODUCTS_DIR)/黑马微博2期.app/黑马微博2期";
				FRAMEWORK_SEARCH_PATHS = (
					"$(SDKROOT)/Developer/Library/Frameworks",
					"$(inherited)",
					"$(DEVELOPER_FRAMEWORKS_DIR)",
				);
				GCC_PRECOMPILE_PREFIX_HEADER = YES;
				GCC_PREFIX_HEADER = "黑马微博2期/黑马微博2期-Prefix.pch";
				INFOPLIST_FILE = "黑马微博2期Tests/黑马微博2期Tests-Info.plist";
				PRODUCT_NAME = "$(TARGET_NAME)";
				TEST_HOST = "$(BUNDLE_LOADER)";
				WRAPPER_EXTENSION = xctest;
			};
			name = Release;
		};
/* End XCBuildConfiguration section */

/* Begin XCConfigurationList section */
		18728E2219E37EB8008F3BFE /* Build configuration list for PBXProject "黑马微博2期" */ = {
			isa = XCConfigurationList;
			buildConfigurations = (
				18728E5719E37EB8008F3BFE /* Debug */,
				18728E5819E37EB8008F3BFE /* Release */,
			);
			defaultConfigurationIsVisible = 0;
			defaultConfigurationName = Release;
		};
		18728E5919E37EB8008F3BFE /* Build configuration list for PBXNativeTarget "黑马微博2期" */ = {
			isa = XCConfigurationList;
			buildConfigurations = (
				18728E5A19E37EB8008F3BFE /* Debug */,
				18728E5B19E37EB8008F3BFE /* Release */,
			);
			defaultConfigurationIsVisible = 0;
			defaultConfigurationName = Release;
		};
		18728E5C19E37EB8008F3BFE /* Build configuration list for PBXNativeTarget "黑马微博2期Tests" */ = {
			isa = XCConfigurationList;
			buildConfigurations = (
				18728E5D19E37EB8008F3BFE /* Debug */,
				18728E5E19E37EB8008F3BFE /* Release */,
			);
			defaultConfigurationIsVisible = 0;
			defaultConfigurationName = Release;
		};
/* End XCConfigurationList section */
	};
	rootObject = 18728E1F19E37EB8008F3BFE /* Project object */;
}
